{
  "name": "ohmydsh",
  "lockfileVersion": 3,
  "requires": true,
  "packages": {
    "": {
      "name": "ohmydsh",
      "devDependencies": {
        "js-yaml": "^4.1.0",
        "semver": "^7.8.5"
      }
    },
    "node_modules/argparse": {
      "version": "2.0.1",
      "dev": true,
      "license": "Python-2.0"
    },
    "node_modules/js-yaml": {
      "version": "4.3.1",
      "dev": true,
      "funding": [
        {
          "type": "github",
          "url": "https://github.com/sponsors/puzrin"
        },
        {
          "type": "github",
          "url": "https://github.com/sponsors/nodeca"
        }
      ],
      "license": "MIT",
      "dependencies": {
        "argparse": "^2.0.1"
      },
      "bin": {
        "js-yaml": "bin/js-yaml.js"
      }
    },
    "node_modules/semver": {
      "version": "7.8.5",
      "dev": true,
      "license": "ISC",
      "bin": {
        "semver": "bin/semver.js"
      },
      "engines": {
        "node": ">=10"
      }
    }
  }
}
